
Microsoft Visual Studio Solution File, Format Version 12.00
# Visual Studio Version 17
VisualStudioVersion = 17.3.32929.385
MinimumVisualStudioVersion = 10.0.40219.1
Project("{FAE04EC0-301F-11D3-BF4B-00C04F79EFBC}") = "intarface_kirillov", "intarface_kirillov.csproj", "{9D9D9E6E-10B6-4BF3-8C9E-FFACAC9CA1DC}"
EndProject
Global
	GlobalSection(SolutionConfigurationPlatforms) = preSolution
		Debug|Any CPU = Debug|Any CPU
		Release|Any CPU = Release|Any CPU
	EndGlobalSection
	GlobalSection(ProjectConfigurationPlatforms) = postSolution
		{9D9D9E6E-10B6-4BF3-8C9E-FFACAC9CA1DC}.Debug|Any CPU.ActiveCfg = Debug|Any CPU
		{9D9D9E6E-10B6-4BF3-8C9E-FFACAC9CA1DC}.Debug|Any CPU.Build.0 = Debug|Any CPU
		{9D9D9E6E-10B6-4BF3-8C9E-FFACAC9CA1DC}.Release|Any CPU.ActiveCfg = Release|Any CPU
		{9D9D9E6E-10B6-4BF3-8C9E-FFACAC9CA1DC}.Release|Any CPU.Build.0 = Release|Any CPU
	EndGlobalSection
	GlobalSection(SolutionProperties) = preSolution
		HideSolutionNode = FALSE
	EndGlobalSection
	GlobalSection(ExtensibilityGlobals) = postSolution
		SolutionGuid = {69C0F28B-117D-4D04-9A5F-CB76672C7C5A}
	EndGlobalSection
EndGlobal
